
Microsoft Visual Studio Solution File, Format Version 12.00
# Visual Studio Version 17
VisualStudioVersion = 17.0.32014.148
MinimumVisualStudioVersion = 10.0.40219.1
Project("{2150E333-8FDC-42A3-9474-1A3956D46DE8}") = "01 - OPP", "01 - OPP", "{E5101C73-D083-4FB3-990C-212E0900CE18}"
EndProject
Project("{2150E333-8FDC-42A3-9474-1A3956D46DE8}") = "03 - SOLID", "03 - SOLID", "{0B22961F-3E54-48A1-9840-ECF0736581CF}"
EndProject
Project("{2150E333-8FDC-42A3-9474-1A3956D46DE8}") = "05 - Design Patterns", "05 - Design Patterns", "{F8847BD3-7A91-4B89-9985-A25E6F1F1F72}"
EndProject
Project("{9A19103F-16F7-4668-BE54-9A1E7A4F7556}") = "OOP", "OOP\OOP.csproj", "{556B27E0-FCB6-413F-B874-F1CA2CD94CF5}"
EndProject
Project("{9A19103F-16F7-4668-BE54-9A1E7A4F7556}") = "SOLID", "SOLID\SOLID.csproj", "{2C5D8E2A-9AB0-41F9-B1A0-C6FA7E72E90E}"
EndProject
Project("{9A19103F-16F7-4668-BE54-9A1E7A4F7556}") = "DesignPatterns", "DesignPatterns\DesignPatterns.csproj", "{9BC59237-82DE-45CD-AF10-68F2BEE68B9A}"
EndProject
Project("{2150E333-8FDC-42A3-9474-1A3956D46DE8}") = "04 - DI", "04 - DI", "{AB87C9AC-A9BC-4FA3-A6AD-D2F8768D694D}"
EndProject
Project("{2150E333-8FDC-42A3-9474-1A3956D46DE8}") = "02 - Modificadores", "02 - Modificadores", "{0303D491-CA9A-439F-83C1-C1FB35665508}"
EndProject
Project("{9A19103F-16F7-4668-BE54-9A1E7A4F7556}") = "ProjetoA", "ProjetoA\ProjetoA.csproj", "{F546C47B-186F-4C06-A628-84FACF662D61}"
EndProject
Project("{9A19103F-16F7-4668-BE54-9A1E7A4F7556}") = "ProjetoB", "ProjetoB\ProjetoB.csproj", "{B42D26BD-5EB3-446D-8369-6306C4BACBE8}"
EndProject
Project("{FAE04EC0-301F-11D3-BF4B-00C04F79EFBC}") = "DemoDI", "DemoDI\DemoDI.csproj", "{60DAC894-58E4-4BD3-AC19-5D641A0529EB}"
EndProject
Global
	GlobalSection(SolutionConfigurationPlatforms) = preSolution
		Debug|Any CPU = Debug|Any CPU
		Release|Any CPU = Release|Any CPU
	EndGlobalSection
	GlobalSection(ProjectConfigurationPlatforms) = postSolution
		{556B27E0-FCB6-413F-B874-F1CA2CD94CF5}.Debug|Any CPU.ActiveCfg = Debug|Any CPU
		{556B27E0-FCB6-413F-B874-F1CA2CD94CF5}.Debug|Any CPU.Build.0 = Debug|Any CPU
		{556B27E0-FCB6-413F-B874-F1CA2CD94CF5}.Release|Any CPU.ActiveCfg = Release|Any CPU
		{556B27E0-FCB6-413F-B874-F1CA2CD94CF5}.Release|Any CPU.Build.0 = Release|Any CPU
		{2C5D8E2A-9AB0-41F9-B1A0-C6FA7E72E90E}.Debug|Any CPU.ActiveCfg = Debug|Any CPU
		{2C5D8E2A-9AB0-41F9-B1A0-C6FA7E72E90E}.Debug|Any CPU.Build.0 = Debug|Any CPU
		{2C5D8E2A-9AB0-41F9-B1A0-C6FA7E72E90E}.Release|Any CPU.ActiveCfg = Release|Any CPU
		{2C5D8E2A-9AB0-41F9-B1A0-C6FA7E72E90E}.Release|Any CPU.Build.0 = Release|Any CPU
		{9BC59237-82DE-45CD-AF10-68F2BEE68B9A}.Debug|Any CPU.ActiveCfg = Debug|Any CPU
		{9BC59237-82DE-45CD-AF10-68F2BEE68B9A}.Debug|Any CPU.Build.0 = Debug|Any CPU
		{9BC59237-82DE-45CD-AF10-68F2BEE68B9A}.Release|Any CPU.ActiveCfg = Release|Any CPU
		{9BC59237-82DE-45CD-AF10-68F2BEE68B9A}.Release|Any CPU.Build.0 = Release|Any CPU
		{F546C47B-186F-4C06-A628-84FACF662D61}.Debug|Any CPU.ActiveCfg = Debug|Any CPU
		{F546C47B-186F-4C06-A628-84FACF662D61}.Debug|Any CPU.Build.0 = Debug|Any CPU
		{F546C47B-186F-4C06-A628-84FACF662D61}.Release|Any CPU.ActiveCfg = Release|Any CPU
		{F546C47B-186F-4C06-A628-84FACF662D61}.Release|Any CPU.Build.0 = Release|Any CPU
		{B42D26BD-5EB3-446D-8369-6306C4BACBE8}.Debug|Any CPU.ActiveCfg = Debug|Any CPU
		{B42D26BD-5EB3-446D-8369-6306C4BACBE8}.Debug|Any CPU.Build.0 = Debug|Any CPU
		{B42D26BD-5EB3-446D-8369-6306C4BACBE8}.Release|Any CPU.ActiveCfg = Release|Any CPU
		{B42D26BD-5EB3-446D-8369-6306C4BACBE8}.Release|Any CPU.Build.0 = Release|Any CPU
		{60DAC894-58E4-4BD3-AC19-5D641A0529EB}.Debug|Any CPU.ActiveCfg = Debug|Any CPU
		{60DAC894-58E4-4BD3-AC19-5D641A0529EB}.Debug|Any CPU.Build.0 = Debug|Any CPU
		{60DAC894-58E4-4BD3-AC19-5D641A0529EB}.Release|Any CPU.ActiveCfg = Release|Any CPU
		{60DAC894-58E4-4BD3-AC19-5D641A0529EB}.Release|Any CPU.Build.0 = Release|Any CPU
	EndGlobalSection
	GlobalSection(SolutionProperties) = preSolution
		HideSolutionNode = FALSE
	EndGlobalSection
	GlobalSection(NestedProjects) = preSolution
		{556B27E0-FCB6-413F-B874-F1CA2CD94CF5} = {E5101C73-D083-4FB3-990C-212E0900CE18}
		{2C5D8E2A-9AB0-41F9-B1A0-C6FA7E72E90E} = {0B22961F-3E54-48A1-9840-ECF0736581CF}
		{9BC59237-82DE-45CD-AF10-68F2BEE68B9A} = {F8847BD3-7A91-4B89-9985-A25E6F1F1F72}
		{F546C47B-186F-4C06-A628-84FACF662D61} = {0303D491-CA9A-439F-83C1-C1FB35665508}
		{B42D26BD-5EB3-446D-8369-6306C4BACBE8} = {0303D491-CA9A-439F-83C1-C1FB35665508}
		{60DAC894-58E4-4BD3-AC19-5D641A0529EB} = {AB87C9AC-A9BC-4FA3-A6AD-D2F8768D694D}
	EndGlobalSection
	GlobalSection(ExtensibilityGlobals) = postSolution
		SolutionGuid = {739E07B6-8380-429A-9D52-0846C64BFFCC}
	EndGlobalSection
EndGlobal
