
Microsoft Visual Studio Solution File, Format Version 12.00
# Visual Studio Version 17
VisualStudioVersion = 17.0.32014.148
MinimumVisualStudioVersion = 10.0.40219.1
Project("{2150E333-8FDC-42A3-9474-1A3956D46DE8}") = "SOLID", "SOLID", "{0B22961F-3E54-48A1-9840-ECF0736581CF}"
EndProject
Project("{9A19103F-16F7-4668-BE54-9A1E7A4F7556}") = "SOLID", "SOLID\SOLID.csproj", "{2C5D8E2A-9AB0-41F9-B1A0-C6FA7E72E90E}"
EndProject
Global
	GlobalSection(SolutionConfigurationPlatforms) = preSolution
		Debug|Any CPU = Debug|Any CPU
		Release|Any CPU = Release|Any CPU
	EndGlobalSection
	GlobalSection(ProjectConfigurationPlatforms) = postSolution
		{2C5D8E2A-9AB0-41F9-B1A0-C6FA7E72E90E}.Debug|Any CPU.ActiveCfg = Debug|Any CPU
		{2C5D8E2A-9AB0-41F9-B1A0-C6FA7E72E90E}.Debug|Any CPU.Build.0 = Debug|Any CPU
		{2C5D8E2A-9AB0-41F9-B1A0-C6FA7E72E90E}.Release|Any CPU.ActiveCfg = Release|Any CPU
		{2C5D8E2A-9AB0-41F9-B1A0-C6FA7E72E90E}.Release|Any CPU.Build.0 = Release|Any CPU
	EndGlobalSection
	GlobalSection(SolutionProperties) = preSolution
		HideSolutionNode = FALSE
	EndGlobalSection
	GlobalSection(NestedProjects) = preSolution
		{2C5D8E2A-9AB0-41F9-B1A0-C6FA7E72E90E} = {0B22961F-3E54-48A1-9840-ECF0736581CF}
	EndGlobalSection
	GlobalSection(ExtensibilityGlobals) = postSolution
		SolutionGuid = {739E07B6-8380-429A-9D52-0846C64BFFCC}
	EndGlobalSection
EndGlobal
